
Microsoft Visual Studio Solution File, Format Version 12.00
# Visual Studio Version 16
VisualStudioVersion = 16.0.809.1
MinimumVisualStudioVersion = 10.0.40219.1
Project("{FAE04EC0-301F-11D3-BF4B-00C04F79EFBC}") = "LiskovSubstitutionPrincipleExample.Tests", "LiskovSubstitutionPrincipleExample.Tests.csproj", "{BE702692-A58C-4918-BF58-59464AB4F74A}"
EndProject
Global
	GlobalSection(SolutionConfigurationPlatforms) = preSolution
		Debug|Any CPU = Debug|Any CPU
		Release|Any CPU = Release|Any CPU
	EndGlobalSection
	GlobalSection(ProjectConfigurationPlatforms) = postSolution
		{BE702692-A58C-4918-BF58-59464AB4F74A}.Debug|Any CPU.ActiveCfg = Debug|Any CPU
		{BE702692-A58C-4918-BF58-59464AB4F74A}.Debug|Any CPU.Build.0 = Debug|Any CPU
		{BE702692-A58C-4918-BF58-59464AB4F74A}.Release|Any CPU.ActiveCfg = Release|Any CPU
		{BE702692-A58C-4918-BF58-59464AB4F74A}.Release|Any CPU.Build.0 = Release|Any CPU
	EndGlobalSection
	GlobalSection(SolutionProperties) = preSolution
		HideSolutionNode = FALSE
	EndGlobalSection
	GlobalSection(ExtensibilityGlobals) = postSolution
		SolutionGuid = {F60C976A-55BB-45A4-9943-25F740FF7D55}
	EndGlobalSection
EndGlobal
